
Microsoft Visual Studio Solution File, Format Version 12.00
# Visual Studio Version 16
VisualStudioVersion = 16.0.30104.148
MinimumVisualStudioVersion = 10.0.40219.1
Project("{9A19103F-16F7-4668-BE54-9A1E7A4F7556}") = "XamKit.Shared", "XamKit.Shared\XamKit.Shared.csproj", "{1812C406-72F3-48AE-B0C6-B576C4427BFD}"
EndProject
Project("{FAE04EC0-301F-11D3-BF4B-00C04F79EFBC}") = "XamKit.iOS", "XamKit.iOS\XamKit.iOS.csproj", "{821B910A-AFC9-47B7-B3E1-C8166F2ECD83}"
EndProject
Project("{FAE04EC0-301F-11D3-BF4B-00C04F79EFBC}") = "XamKit.UWP", "XamKit.UWP\XamKit.UWP.csproj", "{94E36E02-B4C7-4382-BDDE-F552557E2015}"
EndProject
Project("{FAE04EC0-301F-11D3-BF4B-00C04F79EFBC}") = "XamKit.TestApp.UWP", "XamKit.TestApp\XamKit.TestApp.UWP\XamKit.TestApp.UWP.csproj", "{4A076B85-BF9A-4F78-949E-7034482127A3}"
EndProject
Project("{FAE04EC0-301F-11D3-BF4B-00C04F79EFBC}") = "XamKit.TestApp.Android", "XamKit.TestApp\XamKit.TestApp.Android\XamKit.TestApp.Android.csproj", "{82450B79-DFEA-41F7-999A-A1067BCCAD69}"
EndProject
Project("{FAE04EC0-301F-11D3-BF4B-00C04F79EFBC}") = "XamKit.TestApp.iOS", "XamKit.TestApp\XamKit.TestApp.iOS\XamKit.TestApp.iOS.csproj", "{EF036922-D9B7-4141-94CC-032A05610C36}"
EndProject
Project("{9A19103F-16F7-4668-BE54-9A1E7A4F7556}") = "XamKit.TestApp", "XamKit.TestApp\XamKit.TestApp\XamKit.TestApp.csproj", "{764B4B78-3FAE-4EC1-89C4-2C6B2E355322}"
EndProject
Project("{2150E333-8FDC-42A3-9474-1A3956D46DE8}") = "XamKit", "XamKit", "{1EEBFBF6-B859-4F6A-BB62-234DE75BDAA8}"
EndProject
Project("{FAE04EC0-301F-11D3-BF4B-00C04F79EFBC}") = "XamKit.Droid", "XamKit.Droid\XamKit.Droid.csproj", "{AF9688D9-2EBE-47F0-B41E-30B6C8BDD297}"
EndProject
Global
	GlobalSection(SolutionConfigurationPlatforms) = preSolution
		Debug|Any CPU = Debug|Any CPU
		Debug|ARM = Debug|ARM
		Debug|ARM64 = Debug|ARM64
		Debug|iPhone = Debug|iPhone
		Debug|iPhoneSimulator = Debug|iPhoneSimulator
		Debug|x64 = Debug|x64
		Debug|x86 = Debug|x86
		Release|Any CPU = Release|Any CPU
		Release|ARM = Release|ARM
		Release|ARM64 = Release|ARM64
		Release|iPhone = Release|iPhone
		Release|iPhoneSimulator = Release|iPhoneSimulator
		Release|x64 = Release|x64
		Release|x86 = Release|x86
	EndGlobalSection
	GlobalSection(ProjectConfigurationPlatforms) = postSolution
		{1812C406-72F3-48AE-B0C6-B576C4427BFD}.Debug|Any CPU.ActiveCfg = Debug|Any CPU
		{1812C406-72F3-48AE-B0C6-B576C4427BFD}.Debug|Any CPU.Build.0 = Debug|Any CPU
		{1812C406-72F3-48AE-B0C6-B576C4427BFD}.Debug|ARM.ActiveCfg = Debug|Any CPU
		{1812C406-72F3-48AE-B0C6-B576C4427BFD}.Debug|ARM.Build.0 = Debug|Any CPU
		{1812C406-72F3-48AE-B0C6-B576C4427BFD}.Debug|ARM64.ActiveCfg = Debug|Any CPU
		{1812C406-72F3-48AE-B0C6-B576C4427BFD}.Debug|ARM64.Build.0 = Debug|Any CPU
		{1812C406-72F3-48AE-B0C6-B576C4427BFD}.Debug|iPhone.ActiveCfg = Debug|Any CPU
		{1812C406-72F3-48AE-B0C6-B576C4427BFD}.Debug|iPhone.Build.0 = Debug|Any CPU
		{1812C406-72F3-48AE-B0C6-B576C4427BFD}.Debug|iPhoneSimulator.ActiveCfg = Debug|Any CPU
		{1812C406-72F3-48AE-B0C6-B576C4427BFD}.Debug|iPhoneSimulator.Build.0 = Debug|Any CPU
		{1812C406-72F3-48AE-B0C6-B576C4427BFD}.Debug|x64.ActiveCfg = Debug|Any CPU
		{1812C406-72F3-48AE-B0C6-B576C4427BFD}.Debug|x64.Build.0 = Debug|Any CPU
		{1812C406-72F3-48AE-B0C6-B576C4427BFD}.Debug|x86.ActiveCfg = Debug|Any CPU
		{1812C406-72F3-48AE-B0C6-B576C4427BFD}.Debug|x86.Build.0 = Debug|Any CPU
		{1812C406-72F3-48AE-B0C6-B576C4427BFD}.Release|Any CPU.ActiveCfg = Release|Any CPU
		{1812C406-72F3-48AE-B0C6-B576C4427BFD}.Release|Any CPU.Build.0 = Release|Any CPU
		{1812C406-72F3-48AE-B0C6-B576C4427BFD}.Release|ARM.ActiveCfg = Release|Any CPU
		{1812C406-72F3-48AE-B0C6-B576C4427BFD}.Release|ARM.Build.0 = Release|Any CPU
		{1812C406-72F3-48AE-B0C6-B576C4427BFD}.Release|ARM64.ActiveCfg = Release|Any CPU
		{1812C406-72F3-48AE-B0C6-B576C4427BFD}.Release|ARM64.Build.0 = Release|Any CPU
		{1812C406-72F3-48AE-B0C6-B576C4427BFD}.Release|iPhone.ActiveCfg = Release|Any CPU
		{1812C406-72F3-48AE-B0C6-B576C4427BFD}.Release|iPhone.Build.0 = Release|Any CPU
		{1812C406-72F3-48AE-B0C6-B576C4427BFD}.Release|iPhoneSimulator.ActiveCfg = Release|Any CPU
		{1812C406-72F3-48AE-B0C6-B576C4427BFD}.Release|iPhoneSimulator.Build.0 = Release|Any CPU
		{1812C406-72F3-48AE-B0C6-B576C4427BFD}.Release|x64.ActiveCfg = Release|Any CPU
		{1812C406-72F3-48AE-B0C6-B576C4427BFD}.Release|x64.Build.0 = Release|Any CPU
		{1812C406-72F3-48AE-B0C6-B576C4427BFD}.Release|x86.ActiveCfg = Release|Any CPU
		{1812C406-72F3-48AE-B0C6-B576C4427BFD}.Release|x86.Build.0 = Release|Any CPU
		{821B910A-AFC9-47B7-B3E1-C8166F2ECD83}.Debug|Any CPU.ActiveCfg = Debug|Any CPU
		{821B910A-AFC9-47B7-B3E1-C8166F2ECD83}.Debug|Any CPU.Build.0 = Debug|Any CPU
		{821B910A-AFC9-47B7-B3E1-C8166F2ECD83}.Debug|ARM.ActiveCfg = Debug|Any CPU
		{821B910A-AFC9-47B7-B3E1-C8166F2ECD83}.Debug|ARM.Build.0 = Debug|Any CPU
		{821B910A-AFC9-47B7-B3E1-C8166F2ECD83}.Debug|ARM64.ActiveCfg = Debug|Any CPU
		{821B910A-AFC9-47B7-B3E1-C8166F2ECD83}.Debug|ARM64.Build.0 = Debug|Any CPU
		{821B910A-AFC9-47B7-B3E1-C8166F2ECD83}.Debug|iPhone.ActiveCfg = Debug|Any CPU
		{821B910A-AFC9-47B7-B3E1-C8166F2ECD83}.Debug|iPhone.Build.0 = Debug|Any CPU
		{821B910A-AFC9-47B7-B3E1-C8166F2ECD83}.Debug|iPhoneSimulator.ActiveCfg = Debug|Any CPU
		{821B910A-AFC9-47B7-B3E1-C8166F2ECD83}.Debug|iPhoneSimulator.Build.0 = Debug|Any CPU
		{821B910A-AFC9-47B7-B3E1-C8166F2ECD83}.Debug|x64.ActiveCfg = Debug|Any CPU
		{821B910A-AFC9-47B7-B3E1-C8166F2ECD83}.Debug|x64.Build.0 = Debug|Any CPU
		{821B910A-AFC9-47B7-B3E1-C8166F2ECD83}.Debug|x86.ActiveCfg = Debug|Any CPU
		{821B910A-AFC9-47B7-B3E1-C8166F2ECD83}.Debug|x86.Build.0 = Debug|Any CPU
		{821B910A-AFC9-47B7-B3E1-C8166F2ECD83}.Release|Any CPU.ActiveCfg = Release|Any CPU
		{821B910A-AFC9-47B7-B3E1-C8166F2ECD83}.Release|Any CPU.Build.0 = Release|Any CPU
		{821B910A-AFC9-47B7-B3E1-C8166F2ECD83}.Release|ARM.ActiveCfg = Release|Any CPU
		{821B910A-AFC9-47B7-B3E1-C8166F2ECD83}.Release|ARM.Build.0 = Release|Any CPU
		{821B910A-AFC9-47B7-B3E1-C8166F2ECD83}.Release|ARM64.ActiveCfg = Release|Any CPU
		{821B910A-AFC9-47B7-B3E1-C8166F2ECD83}.Release|ARM64.Build.0 = Release|Any CPU
		{821B910A-AFC9-47B7-B3E1-C8166F2ECD83}.Release|iPhone.ActiveCfg = Release|Any CPU
		{821B910A-AFC9-47B7-B3E1-C8166F2ECD83}.Release|iPhone.Build.0 = Release|Any CPU
		{821B910A-AFC9-47B7-B3E1-C8166F2ECD83}.Release|iPhoneSimulator.ActiveCfg = Release|Any CPU
		{821B910A-AFC9-47B7-B3E1-C8166F2ECD83}.Release|iPhoneSimulator.Build.0 = Release|Any CPU
		{821B910A-AFC9-47B7-B3E1-C8166F2ECD83}.Release|x64.ActiveCfg = Release|Any CPU
		{821B910A-AFC9-47B7-B3E1-C8166F2ECD83}.Release|x64.Build.0 = Release|Any CPU
		{821B910A-AFC9-47B7-B3E1-C8166F2ECD83}.Release|x86.ActiveCfg = Release|Any CPU
		{821B910A-AFC9-47B7-B3E1-C8166F2ECD83}.Release|x86.Build.0 = Release|Any CPU
		{94E36E02-B4C7-4382-BDDE-F552557E2015}.Debug|Any CPU.ActiveCfg = Debug|Any CPU
		{94E36E02-B4C7-4382-BDDE-F552557E2015}.Debug|Any CPU.Build.0 = Debug|Any CPU
		{94E36E02-B4C7-4382-BDDE-F552557E2015}.Debug|ARM.ActiveCfg = Debug|ARM
		{94E36E02-B4C7-4382-BDDE-F552557E2015}.Debug|ARM.Build.0 = Debug|ARM
		{94E36E02-B4C7-4382-BDDE-F552557E2015}.Debug|ARM64.ActiveCfg = Debug|ARM64
		{94E36E02-B4C7-4382-BDDE-F552557E2015}.Debug|ARM64.Build.0 = Debug|ARM64
		{94E36E02-B4C7-4382-BDDE-F552557E2015}.Debug|iPhone.ActiveCfg = Debug|Any CPU
		{94E36E02-B4C7-4382-BDDE-F552557E2015}.Debug|iPhone.Build.0 = Debug|Any CPU
		{94E36E02-B4C7-4382-BDDE-F552557E2015}.Debug|iPhoneSimulator.ActiveCfg = Debug|Any CPU
		{94E36E02-B4C7-4382-BDDE-F552557E2015}.Debug|iPhoneSimulator.Build.0 = Debug|Any CPU
		{94E36E02-B4C7-4382-BDDE-F552557E2015}.Debug|x64.ActiveCfg = Debug|x64
		{94E36E02-B4C7-4382-BDDE-F552557E2015}.Debug|x64.Build.0 = Debug|x64
		{94E36E02-B4C7-4382-BDDE-F552557E2015}.Debug|x86.ActiveCfg = Debug|x86
		{94E36E02-B4C7-4382-BDDE-F552557E2015}.Debug|x86.Build.0 = Debug|x86
		{94E36E02-B4C7-4382-BDDE-F552557E2015}.Release|Any CPU.ActiveCfg = Release|Any CPU
		{94E36E02-B4C7-4382-BDDE-F552557E2015}.Release|Any CPU.Build.0 = Release|Any CPU
		{94E36E02-B4C7-4382-BDDE-F552557E2015}.Release|ARM.ActiveCfg = Release|ARM
		{94E36E02-B4C7-4382-BDDE-F552557E2015}.Release|ARM.Build.0 = Release|ARM
		{94E36E02-B4C7-4382-BDDE-F552557E2015}.Release|ARM64.ActiveCfg = Release|ARM64
		{94E36E02-B4C7-4382-BDDE-F552557E2015}.Release|ARM64.Build.0 = Release|ARM64
		{94E36E02-B4C7-4382-BDDE-F552557E2015}.Release|iPhone.ActiveCfg = Release|Any CPU
		{94E36E02-B4C7-4382-BDDE-F552557E2015}.Release|iPhone.Build.0 = Release|Any CPU
		{94E36E02-B4C7-4382-BDDE-F552557E2015}.Release|iPhoneSimulator.ActiveCfg = Release|Any CPU
		{94E36E02-B4C7-4382-BDDE-F552557E2015}.Release|iPhoneSimulator.Build.0 = Release|Any CPU
		{94E36E02-B4C7-4382-BDDE-F552557E2015}.Release|x64.ActiveCfg = Release|x64
		{94E36E02-B4C7-4382-BDDE-F552557E2015}.Release|x64.Build.0 = Release|x64
		{94E36E02-B4C7-4382-BDDE-F552557E2015}.Release|x86.ActiveCfg = Release|x86
		{94E36E02-B4C7-4382-BDDE-F552557E2015}.Release|x86.Build.0 = Release|x86
		{4A076B85-BF9A-4F78-949E-7034482127A3}.Debug|Any CPU.ActiveCfg = Debug|x86
		{4A076B85-BF9A-4F78-949E-7034482127A3}.Debug|ARM.ActiveCfg = Debug|ARM
		{4A076B85-BF9A-4F78-949E-7034482127A3}.Debug|ARM.Build.0 = Debug|ARM
		{4A076B85-BF9A-4F78-949E-7034482127A3}.Debug|ARM.Deploy.0 = Debug|ARM
		{4A076B85-BF9A-4F78-949E-7034482127A3}.Debug|ARM64.ActiveCfg = Debug|x86
		{4A076B85-BF9A-4F78-949E-7034482127A3}.Debug|iPhone.ActiveCfg = Debug|x86
		{4A076B85-BF9A-4F78-949E-7034482127A3}.Debug|iPhoneSimulator.ActiveCfg = Debug|x86
		{4A076B85-BF9A-4F78-949E-7034482127A3}.Debug|x64.ActiveCfg = Debug|x64
		{4A076B85-BF9A-4F78-949E-7034482127A3}.Debug|x64.Build.0 = Debug|x64
		{4A076B85-BF9A-4F78-949E-7034482127A3}.Debug|x64.Deploy.0 = Debug|x64
		{4A076B85-BF9A-4F78-949E-7034482127A3}.Debug|x86.ActiveCfg = Debug|x86
		{4A076B85-BF9A-4F78-949E-7034482127A3}.Debug|x86.Build.0 = Debug|x86
		{4A076B85-BF9A-4F78-949E-7034482127A3}.Debug|x86.Deploy.0 = Debug|x86
		{4A076B85-BF9A-4F78-949E-7034482127A3}.Release|Any CPU.ActiveCfg = Release|x86
		{4A076B85-BF9A-4F78-949E-7034482127A3}.Release|ARM.ActiveCfg = Release|ARM
		{4A076B85-BF9A-4F78-949E-7034482127A3}.Release|ARM.Build.0 = Release|ARM
		{4A076B85-BF9A-4F78-949E-7034482127A3}.Release|ARM.Deploy.0 = Release|ARM
		{4A076B85-BF9A-4F78-949E-7034482127A3}.Release|ARM64.ActiveCfg = Release|x86
		{4A076B85-BF9A-4F78-949E-7034482127A3}.Release|iPhone.ActiveCfg = Release|x86
		{4A076B85-BF9A-4F78-949E-7034482127A3}.Release|iPhoneSimulator.ActiveCfg = Release|x86
		{4A076B85-BF9A-4F78-949E-7034482127A3}.Release|x64.ActiveCfg = Release|x64
		{4A076B85-BF9A-4F78-949E-7034482127A3}.Release|x64.Build.0 = Release|x64
		{4A076B85-BF9A-4F78-949E-7034482127A3}.Release|x64.Deploy.0 = Release|x64
		{4A076B85-BF9A-4F78-949E-7034482127A3}.Release|x86.ActiveCfg = Release|x86
		{4A076B85-BF9A-4F78-949E-7034482127A3}.Release|x86.Build.0 = Release|x86
		{4A076B85-BF9A-4F78-949E-7034482127A3}.Release|x86.Deploy.0 = Release|x86
		{82450B79-DFEA-41F7-999A-A1067BCCAD69}.Debug|Any CPU.ActiveCfg = Debug|Any CPU
		{82450B79-DFEA-41F7-999A-A1067BCCAD69}.Debug|Any CPU.Build.0 = Debug|Any CPU
		{82450B79-DFEA-41F7-999A-A1067BCCAD69}.Debug|Any CPU.Deploy.0 = Debug|Any CPU
		{82450B79-DFEA-41F7-999A-A1067BCCAD69}.Debug|ARM.ActiveCfg = Debug|Any CPU
		{82450B79-DFEA-41F7-999A-A1067BCCAD69}.Debug|ARM.Build.0 = Debug|Any CPU
		{82450B79-DFEA-41F7-999A-A1067BCCAD69}.Debug|ARM.Deploy.0 = Debug|Any CPU
		{82450B79-DFEA-41F7-999A-A1067BCCAD69}.Debug|ARM64.ActiveCfg = Debug|Any CPU
		{82450B79-DFEA-41F7-999A-A1067BCCAD69}.Debug|ARM64.Build.0 = Debug|Any CPU
		{82450B79-DFEA-41F7-999A-A1067BCCAD69}.Debug|ARM64.Deploy.0 = Debug|Any CPU
		{82450B79-DFEA-41F7-999A-A1067BCCAD69}.Debug|iPhone.ActiveCfg = Debug|Any CPU
		{82450B79-DFEA-41F7-999A-A1067BCCAD69}.Debug|iPhone.Build.0 = Debug|Any CPU
		{82450B79-DFEA-41F7-999A-A1067BCCAD69}.Debug|iPhone.Deploy.0 = Debug|Any CPU
		{82450B79-DFEA-41F7-999A-A1067BCCAD69}.Debug|iPhoneSimulator.ActiveCfg = Debug|Any CPU
		{82450B79-DFEA-41F7-999A-A1067BCCAD69}.Debug|iPhoneSimulator.Build.0 = Debug|Any CPU
		{82450B79-DFEA-41F7-999A-A1067BCCAD69}.Debug|iPhoneSimulator.Deploy.0 = Debug|Any CPU
		{82450B79-DFEA-41F7-999A-A1067BCCAD69}.Debug|x64.ActiveCfg = Debug|Any CPU
		{82450B79-DFEA-41F7-999A-A1067BCCAD69}.Debug|x64.Build.0 = Debug|Any CPU
		{82450B79-DFEA-41F7-999A-A1067BCCAD69}.Debug|x64.Deploy.0 = Debug|Any CPU
		{82450B79-DFEA-41F7-999A-A1067BCCAD69}.Debug|x86.ActiveCfg = Debug|Any CPU
		{82450B79-DFEA-41F7-999A-A1067BCCAD69}.Debug|x86.Build.0 = Debug|Any CPU
		{82450B79-DFEA-41F7-999A-A1067BCCAD69}.Debug|x86.Deploy.0 = Debug|Any CPU
		{82450B79-DFEA-41F7-999A-A1067BCCAD69}.Release|Any CPU.ActiveCfg = Release|Any CPU
		{82450B79-DFEA-41F7-999A-A1067BCCAD69}.Release|Any CPU.Build.0 = Release|Any CPU
		{82450B79-DFEA-41F7-999A-A1067BCCAD69}.Release|Any CPU.Deploy.0 = Release|Any CPU
		{82450B79-DFEA-41F7-999A-A1067BCCAD69}.Release|ARM.ActiveCfg = Release|Any CPU
		{82450B79-DFEA-41F7-999A-A1067BCCAD69}.Release|ARM.Build.0 = Release|Any CPU
		{82450B79-DFEA-41F7-999A-A1067BCCAD69}.Release|ARM.Deploy.0 = Release|Any CPU
		{82450B79-DFEA-41F7-999A-A1067BCCAD69}.Release|ARM64.ActiveCfg = Release|Any CPU
		{82450B79-DFEA-41F7-999A-A1067BCCAD69}.Release|ARM64.Build.0 = Release|Any CPU
		{82450B79-DFEA-41F7-999A-A1067BCCAD69}.Release|ARM64.Deploy.0 = Release|Any CPU
		{82450B79-DFEA-41F7-999A-A1067BCCAD69}.Release|iPhone.ActiveCfg = Release|Any CPU
		{82450B79-DFEA-41F7-999A-A1067BCCAD69}.Release|iPhone.Build.0 = Release|Any CPU
		{82450B79-DFEA-41F7-999A-A1067BCCAD69}.Release|iPhone.Deploy.0 = Release|Any CPU
		{82450B79-DFEA-41F7-999A-A1067BCCAD69}.Release|iPhoneSimulator.ActiveCfg = Release|Any CPU
		{82450B79-DFEA-41F7-999A-A1067BCCAD69}.Release|iPhoneSimulator.Build.0 = Release|Any CPU
		{82450B79-DFEA-41F7-999A-A1067BCCAD69}.Release|iPhoneSimulator.Deploy.0 = Release|Any CPU
		{82450B79-DFEA-41F7-999A-A1067BCCAD69}.Release|x64.ActiveCfg = Release|Any CPU
		{82450B79-DFEA-41F7-999A-A1067BCCAD69}.Release|x64.Build.0 = Release|Any CPU
		{82450B79-DFEA-41F7-999A-A1067BCCAD69}.Release|x64.Deploy.0 = Release|Any CPU
		{82450B79-DFEA-41F7-999A-A1067BCCAD69}.Release|x86.ActiveCfg = Release|Any CPU
		{82450B79-DFEA-41F7-999A-A1067BCCAD69}.Release|x86.Build.0 = Release|Any CPU
		{82450B79-DFEA-41F7-999A-A1067BCCAD69}.Release|x86.Deploy.0 = Release|Any CPU
		{EF036922-D9B7-4141-94CC-032A05610C36}.Debug|Any CPU.ActiveCfg = Debug|iPhone
		{EF036922-D9B7-4141-94CC-032A05610C36}.Debug|ARM.ActiveCfg = Debug|iPhone
		{EF036922-D9B7-4141-94CC-032A05610C36}.Debug|ARM64.ActiveCfg = Debug|iPhone
		{EF036922-D9B7-4141-94CC-032A05610C36}.Debug|iPhone.ActiveCfg = Debug|iPhone
		{EF036922-D9B7-4141-94CC-032A05610C36}.Debug|iPhone.Build.0 = Debug|iPhone
		{EF036922-D9B7-4141-94CC-032A05610C36}.Debug|iPhoneSimulator.ActiveCfg = Debug|iPhoneSimulator
		{EF036922-D9B7-4141-94CC-032A05610C36}.Debug|iPhoneSimulator.Build.0 = Debug|iPhoneSimulator
		{EF036922-D9B7-4141-94CC-032A05610C36}.Debug|x64.ActiveCfg = Debug|iPhone
		{EF036922-D9B7-4141-94CC-032A05610C36}.Debug|x86.ActiveCfg = Debug|iPhone
		{EF036922-D9B7-4141-94CC-032A05610C36}.Release|Any CPU.ActiveCfg = Release|iPhone
		{EF036922-D9B7-4141-94CC-032A05610C36}.Release|ARM.ActiveCfg = Release|iPhone
		{EF036922-D9B7-4141-94CC-032A05610C36}.Release|ARM64.ActiveCfg = Release|iPhone
		{EF036922-D9B7-4141-94CC-032A05610C36}.Release|iPhone.ActiveCfg = Release|iPhone
		{EF036922-D9B7-4141-94CC-032A05610C36}.Release|iPhone.Build.0 = Release|iPhone
		{EF036922-D9B7-4141-94CC-032A05610C36}.Release|iPhoneSimulator.ActiveCfg = Release|iPhoneSimulator
		{EF036922-D9B7-4141-94CC-032A05610C36}.Release|iPhoneSimulator.Build.0 = Release|iPhoneSimulator
		{EF036922-D9B7-4141-94CC-032A05610C36}.Release|x64.ActiveCfg = Release|iPhone
		{EF036922-D9B7-4141-94CC-032A05610C36}.Release|x86.ActiveCfg = Release|iPhone
		{764B4B78-3FAE-4EC1-89C4-2C6B2E355322}.Debug|Any CPU.ActiveCfg = Debug|Any CPU
		{764B4B78-3FAE-4EC1-89C4-2C6B2E355322}.Debug|Any CPU.Build.0 = Debug|Any CPU
		{764B4B78-3FAE-4EC1-89C4-2C6B2E355322}.Debug|ARM.ActiveCfg = Debug|Any CPU
		{764B4B78-3FAE-4EC1-89C4-2C6B2E355322}.Debug|ARM.Build.0 = Debug|Any CPU
		{764B4B78-3FAE-4EC1-89C4-2C6B2E355322}.Debug|ARM64.ActiveCfg = Debug|Any CPU
		{764B4B78-3FAE-4EC1-89C4-2C6B2E355322}.Debug|ARM64.Build.0 = Debug|Any CPU
		{764B4B78-3FAE-4EC1-89C4-2C6B2E355322}.Debug|iPhone.ActiveCfg = Debug|Any CPU
		{764B4B78-3FAE-4EC1-89C4-2C6B2E355322}.Debug|iPhone.Build.0 = Debug|Any CPU
		{764B4B78-3FAE-4EC1-89C4-2C6B2E355322}.Debug|iPhoneSimulator.ActiveCfg = Debug|Any CPU
		{764B4B78-3FAE-4EC1-89C4-2C6B2E355322}.Debug|iPhoneSimulator.Build.0 = Debug|Any CPU
		{764B4B78-3FAE-4EC1-89C4-2C6B2E355322}.Debug|x64.ActiveCfg = Debug|Any CPU
		{764B4B78-3FAE-4EC1-89C4-2C6B2E355322}.Debug|x64.Build.0 = Debug|Any CPU
		{764B4B78-3FAE-4EC1-89C4-2C6B2E355322}.Debug|x86.ActiveCfg = Debug|Any CPU
		{764B4B78-3FAE-4EC1-89C4-2C6B2E355322}.Debug|x86.Build.0 = Debug|Any CPU
		{764B4B78-3FAE-4EC1-89C4-2C6B2E355322}.Release|Any CPU.ActiveCfg = Release|Any CPU
		{764B4B78-3FAE-4EC1-89C4-2C6B2E355322}.Release|Any CPU.Build.0 = Release|Any CPU
		{764B4B78-3FAE-4EC1-89C4-2C6B2E355322}.Release|ARM.ActiveCfg = Release|Any CPU
		{764B4B78-3FAE-4EC1-89C4-2C6B2E355322}.Release|ARM.Build.0 = Release|Any CPU
		{764B4B78-3FAE-4EC1-89C4-2C6B2E355322}.Release|ARM64.ActiveCfg = Release|Any CPU
		{764B4B78-3FAE-4EC1-89C4-2C6B2E355322}.Release|ARM64.Build.0 = Release|Any CPU
		{764B4B78-3FAE-4EC1-89C4-2C6B2E355322}.Release|iPhone.ActiveCfg = Release|Any CPU
		{764B4B78-3FAE-4EC1-89C4-2C6B2E355322}.Release|iPhone.Build.0 = Release|Any CPU
		{764B4B78-3FAE-4EC1-89C4-2C6B2E355322}.Release|iPhoneSimulator.ActiveCfg = Release|Any CPU
		{764B4B78-3FAE-4EC1-89C4-2C6B2E355322}.Release|iPhoneSimulator.Build.0 = Release|Any CPU
		{764B4B78-3FAE-4EC1-89C4-2C6B2E355322}.Release|x64.ActiveCfg = Release|Any CPU
		{764B4B78-3FAE-4EC1-89C4-2C6B2E355322}.Release|x64.Build.0 = Release|Any CPU
		{764B4B78-3FAE-4EC1-89C4-2C6B2E355322}.Release|x86.ActiveCfg = Release|Any CPU
		{764B4B78-3FAE-4EC1-89C4-2C6B2E355322}.Release|x86.Build.0 = Release|Any CPU
		{AF9688D9-2EBE-47F0-B41E-30B6C8BDD297}.Debug|Any CPU.ActiveCfg = Debug|Any CPU
		{AF9688D9-2EBE-47F0-B41E-30B6C8BDD297}.Debug|Any CPU.Build.0 = Debug|Any CPU
		{AF9688D9-2EBE-47F0-B41E-30B6C8BDD297}.Debug|ARM.ActiveCfg = Debug|Any CPU
		{AF9688D9-2EBE-47F0-B41E-30B6C8BDD297}.Debug|ARM.Build.0 = Debug|Any CPU
		{AF9688D9-2EBE-47F0-B41E-30B6C8BDD297}.Debug|ARM64.ActiveCfg = Debug|Any CPU
		{AF9688D9-2EBE-47F0-B41E-30B6C8BDD297}.Debug|ARM64.Build.0 = Debug|Any CPU
		{AF9688D9-2EBE-47F0-B41E-30B6C8BDD297}.Debug|iPhone.ActiveCfg = Debug|Any CPU
		{AF9688D9-2EBE-47F0-B41E-30B6C8BDD297}.Debug|iPhone.Build.0 = Debug|Any CPU
		{AF9688D9-2EBE-47F0-B41E-30B6C8BDD297}.Debug|iPhoneSimulator.ActiveCfg = Debug|Any CPU
		{AF9688D9-2EBE-47F0-B41E-30B6C8BDD297}.Debug|iPhoneSimulator.Build.0 = Debug|Any CPU
		{AF9688D9-2EBE-47F0-B41E-30B6C8BDD297}.Debug|x64.ActiveCfg = Debug|Any CPU
		{AF9688D9-2EBE-47F0-B41E-30B6C8BDD297}.Debug|x64.Build.0 = Debug|Any CPU
		{AF9688D9-2EBE-47F0-B41E-30B6C8BDD297}.Debug|x86.ActiveCfg = Debug|Any CPU
		{AF9688D9-2EBE-47F0-B41E-30B6C8BDD297}.Debug|x86.Build.0 = Debug|Any CPU
		{AF9688D9-2EBE-47F0-B41E-30B6C8BDD297}.Release|Any CPU.ActiveCfg = Release|Any CPU
		{AF9688D9-2EBE-47F0-B41E-30B6C8BDD297}.Release|Any CPU.Build.0 = Release|Any CPU
		{AF9688D9-2EBE-47F0-B41E-30B6C8BDD297}.Release|ARM.ActiveCfg = Release|Any CPU
		{AF9688D9-2EBE-47F0-B41E-30B6C8BDD297}.Release|ARM.Build.0 = Release|Any CPU
		{AF9688D9-2EBE-47F0-B41E-30B6C8BDD297}.Release|ARM64.ActiveCfg = Release|Any CPU
		{AF9688D9-2EBE-47F0-B41E-30B6C8BDD297}.Release|ARM64.Build.0 = Release|Any CPU
		{AF9688D9-2EBE-47F0-B41E-30B6C8BDD297}.Release|iPhone.ActiveCfg = Release|Any CPU
		{AF9688D9-2EBE-47F0-B41E-30B6C8BDD297}.Release|iPhone.Build.0 = Release|Any CPU
		{AF9688D9-2EBE-47F0-B41E-30B6C8BDD297}.Release|iPhoneSimulator.ActiveCfg = Release|Any CPU
		{AF9688D9-2EBE-47F0-B41E-30B6C8BDD297}.Release|iPhoneSimulator.Build.0 = Release|Any CPU
		{AF9688D9-2EBE-47F0-B41E-30B6C8BDD297}.Release|x64.ActiveCfg = Release|Any CPU
		{AF9688D9-2EBE-47F0-B41E-30B6C8BDD297}.Release|x64.Build.0 = Release|Any CPU
		{AF9688D9-2EBE-47F0-B41E-30B6C8BDD297}.Release|x86.ActiveCfg = Release|Any CPU
		{AF9688D9-2EBE-47F0-B41E-30B6C8BDD297}.Release|x86.Build.0 = Release|Any CPU
	EndGlobalSection
	GlobalSection(SolutionProperties) = preSolution
		HideSolutionNode = FALSE
	EndGlobalSection
	GlobalSection(NestedProjects) = preSolution
		{1812C406-72F3-48AE-B0C6-B576C4427BFD} = {1EEBFBF6-B859-4F6A-BB62-234DE75BDAA8}
		{821B910A-AFC9-47B7-B3E1-C8166F2ECD83} = {1EEBFBF6-B859-4F6A-BB62-234DE75BDAA8}
		{94E36E02-B4C7-4382-BDDE-F552557E2015} = {1EEBFBF6-B859-4F6A-BB62-234DE75BDAA8}
		{AF9688D9-2EBE-47F0-B41E-30B6C8BDD297} = {1EEBFBF6-B859-4F6A-BB62-234DE75BDAA8}
	EndGlobalSection
	GlobalSection(ExtensibilityGlobals) = postSolution
		SolutionGuid = {6575867D-583B-4544-BEDA-B5EB5BBD8AE5}
	EndGlobalSection
EndGlobal
